
Microsoft Visual Studio Solution File, Format Version 12.00
# Visual Studio Version 16
VisualStudioVersion = 16.0.31410.357
MinimumVisualStudioVersion = 10.0.40219.1
Project("{FAE04EC0-301F-11D3-BF4B-00C04F79EFBC}") = "HomeWork_09_SKP", "HomeWork_09_SKP.csproj", "{1A4DF43B-C87E-4BA8-B21E-3BA784C3A9A3}"
EndProject
Global
	GlobalSection(SolutionConfigurationPlatforms) = preSolution
		Debug|Any CPU = Debug|Any CPU
		Release|Any CPU = Release|Any CPU
	EndGlobalSection
	GlobalSection(ProjectConfigurationPlatforms) = postSolution
		{1A4DF43B-C87E-4BA8-B21E-3BA784C3A9A3}.Debug|Any CPU.ActiveCfg = Debug|Any CPU
		{1A4DF43B-C87E-4BA8-B21E-3BA784C3A9A3}.Debug|Any CPU.Build.0 = Debug|Any CPU
		{1A4DF43B-C87E-4BA8-B21E-3BA784C3A9A3}.Release|Any CPU.ActiveCfg = Release|Any CPU
		{1A4DF43B-C87E-4BA8-B21E-3BA784C3A9A3}.Release|Any CPU.Build.0 = Release|Any CPU
	EndGlobalSection
	GlobalSection(SolutionProperties) = preSolution
		HideSolutionNode = FALSE
	EndGlobalSection
	GlobalSection(ExtensibilityGlobals) = postSolution
		SolutionGuid = {BE6D350C-DBF9-4FC8-96E9-7594EFBD44E4}
	EndGlobalSection
EndGlobal
